
Microsoft Visual Studio Solution File, Format Version 12.00
# Visual Studio Version 17
VisualStudioVersion = 17.14.36414.22 d17.14
MinimumVisualStudioVersion = 10.0.40219.1
Project("{FAE04EC0-301F-11D3-BF4B-00C04F79EFBC}") = "TPPromoWeb_Equipo4B", "TPPromoWeb_Equipo4B\TPPromoWeb_Equipo4B.csproj", "{9668775D-7909-433D-9900-9043042EB714}"
EndProject
Global
	GlobalSection(SolutionConfigurationPlatforms) = preSolution
		Debug|Any CPU = Debug|Any CPU
		Release|Any CPU = Release|Any CPU
	EndGlobalSection
	GlobalSection(ProjectConfigurationPlatforms) = postSolution
		{9668775D-7909-433D-9900-9043042EB714}.Debug|Any CPU.ActiveCfg = Debug|Any CPU
		{9668775D-7909-433D-9900-9043042EB714}.Debug|Any CPU.Build.0 = Debug|Any CPU
		{9668775D-7909-433D-9900-9043042EB714}.Release|Any CPU.ActiveCfg = Release|Any CPU
		{9668775D-7909-433D-9900-9043042EB714}.Release|Any CPU.Build.0 = Release|Any CPU
	EndGlobalSection
	GlobalSection(SolutionProperties) = preSolution
		HideSolutionNode = FALSE
	EndGlobalSection
	GlobalSection(ExtensibilityGlobals) = postSolution
		SolutionGuid = {B96CE536-8128-44B2-A842-69FCEA92D398}
	EndGlobalSection
EndGlobal
